
Microsoft Visual Studio Solution File, Format Version 12.00
# Visual Studio Version 16
VisualStudioVersion = 16.0.28803.452
MinimumVisualStudioVersion = 10.0.40219.1
Project("{FAE04EC0-301F-11D3-BF4B-00C04F79EFBC}") = "Bgoon.AvalonDockThemes", "Bgoon.AvalonDockThemes\Bgoon.AvalonDockThemes.csproj", "{EE497432-AEAF-4099-82C3-3764376171D4}"
EndProject
Global
	GlobalSection(SolutionConfigurationPlatforms) = preSolution
		Debug|Any CPU = Debug|Any CPU
		Release|Any CPU = Release|Any CPU
	EndGlobalSection
	GlobalSection(ProjectConfigurationPlatforms) = postSolution
		{EE497432-AEAF-4099-82C3-3764376171D4}.Debug|Any CPU.ActiveCfg = Debug|Any CPU
		{EE497432-AEAF-4099-82C3-3764376171D4}.Debug|Any CPU.Build.0 = Debug|Any CPU
		{EE497432-AEAF-4099-82C3-3764376171D4}.Release|Any CPU.ActiveCfg = Release|Any CPU
		{EE497432-AEAF-4099-82C3-3764376171D4}.Release|Any CPU.Build.0 = Release|Any CPU
	EndGlobalSection
	GlobalSection(SolutionProperties) = preSolution
		HideSolutionNode = FALSE
	EndGlobalSection
	GlobalSection(ExtensibilityGlobals) = postSolution
		SolutionGuid = {1261B5E9-B063-4718-BB28-C61C3FE4C441}
	EndGlobalSection
EndGlobal
